
Microsoft Visual Studio Solution File, Format Version 12.00
# Visual Studio Version 16
VisualStudioVersion = 16.0.30204.135
MinimumVisualStudioVersion = 10.0.40219.1
Project("{FAE04EC0-301F-11D3-BF4B-00C04F79EFBC}") = "BikeShop", "BikeShop.csproj", "{7E576C55-A4F0-4032-967D-C9349E0A4405}"
EndProject
Global
	GlobalSection(SolutionConfigurationPlatforms) = preSolution
		Debug|Any CPU = Debug|Any CPU
		Release|Any CPU = Release|Any CPU
	EndGlobalSection
	GlobalSection(ProjectConfigurationPlatforms) = postSolution
		{7E576C55-A4F0-4032-967D-C9349E0A4405}.Debug|Any CPU.ActiveCfg = Debug|Any CPU
		{7E576C55-A4F0-4032-967D-C9349E0A4405}.Debug|Any CPU.Build.0 = Debug|Any CPU
		{7E576C55-A4F0-4032-967D-C9349E0A4405}.Release|Any CPU.ActiveCfg = Release|Any CPU
		{7E576C55-A4F0-4032-967D-C9349E0A4405}.Release|Any CPU.Build.0 = Release|Any CPU
	EndGlobalSection
	GlobalSection(SolutionProperties) = preSolution
		HideSolutionNode = FALSE
	EndGlobalSection
	GlobalSection(ExtensibilityGlobals) = postSolution
		SolutionGuid = {425A9F31-C7DB-4D94-B127-B51DAF8BE25D}
	EndGlobalSection
EndGlobal
