
Microsoft Visual Studio Solution File, Format Version 12.00
# Visual Studio Version 16
VisualStudioVersion = 16.0.30204.135
MinimumVisualStudioVersion = 10.0.40219.1
Project("{FAE04EC0-301F-11D3-BF4B-00C04F79EFBC}") = "0821_001", "0821_001.csproj", "{DA4718B0-D672-4A03-BEFB-DA135823D7A2}"
EndProject
Global
	GlobalSection(SolutionConfigurationPlatforms) = preSolution
		Debug|Any CPU = Debug|Any CPU
		Release|Any CPU = Release|Any CPU
	EndGlobalSection
	GlobalSection(ProjectConfigurationPlatforms) = postSolution
		{DA4718B0-D672-4A03-BEFB-DA135823D7A2}.Debug|Any CPU.ActiveCfg = Debug|Any CPU
		{DA4718B0-D672-4A03-BEFB-DA135823D7A2}.Debug|Any CPU.Build.0 = Debug|Any CPU
		{DA4718B0-D672-4A03-BEFB-DA135823D7A2}.Release|Any CPU.ActiveCfg = Release|Any CPU
		{DA4718B0-D672-4A03-BEFB-DA135823D7A2}.Release|Any CPU.Build.0 = Release|Any CPU
	EndGlobalSection
	GlobalSection(SolutionProperties) = preSolution
		HideSolutionNode = FALSE
	EndGlobalSection
	GlobalSection(ExtensibilityGlobals) = postSolution
		SolutionGuid = {2828F1CB-5073-4FDE-A50E-3C4F27F4C76A}
	EndGlobalSection
EndGlobal
