
Microsoft Visual Studio Solution File, Format Version 12.00
# Visual Studio Version 16
VisualStudioVersion = 16.0.30204.135
MinimumVisualStudioVersion = 10.0.40219.1
Project("{FAE04EC0-301F-11D3-BF4B-00C04F79EFBC}") = "WinFormsApp", "WinFormsApp.csproj", "{6C85F7B2-F3A6-4EDB-A149-B3E5E366E1D3}"
EndProject
Project("{FAE04EC0-301F-11D3-BF4B-00C04F79EFBC}") = "ClockApp", "..\ClockApp\ClockApp.csproj", "{17FF5D49-3B0C-4ED1-A3F7-96C3F9A801D1}"
EndProject
Project("{FAE04EC0-301F-11D3-BF4B-00C04F79EFBC}") = "ButtonTestApp", "..\ButtonTestApp\ButtonTestApp.csproj", "{A4DC9D4C-EAD2-4D57-8905-96233EED5EAC}"
EndProject
Project("{FAE04EC0-301F-11D3-BF4B-00C04F79EFBC}") = "CheckBoxTestApp", "..\CheckBoxTestApp\CheckBoxTestApp.csproj", "{DC7AE16A-C239-4447-BC7F-C79C4BC5CD33}"
EndProject
Project("{FAE04EC0-301F-11D3-BF4B-00C04F79EFBC}") = "RadioButtonApp", "..\RadioButtonApp\RadioButtonApp.csproj", "{CA86EAF2-84DF-4781-BE76-F3435636747E}"
EndProject
Project("{FAE04EC0-301F-11D3-BF4B-00C04F79EFBC}") = "LoginApp", "..\LoginApp\LoginApp.csproj", "{241714AA-87F2-4FBC-8269-12B5A8090A76}"
EndProject
Project("{FAE04EC0-301F-11D3-BF4B-00C04F79EFBC}") = "ListControlTestApp", "..\ListControlTestApp\ListControlTestApp.csproj", "{53EDBC76-9667-4E36-91FF-29F906DEA903}"
EndProject
Project("{FAE04EC0-301F-11D3-BF4B-00C04F79EFBC}") = "CheckListBoxApp", "..\CheckListBoxApp\CheckListBoxApp.csproj", "{362E3F00-A71D-4298-8AEE-B9FEE070D6E8}"
EndProject
Project("{FAE04EC0-301F-11D3-BF4B-00C04F79EFBC}") = "ModalDigApp", "..\ModalDigApp\ModalDigApp.csproj", "{82A7889F-6F93-4A10-97F5-9555D28C3764}"
EndProject
Project("{FAE04EC0-301F-11D3-BF4B-00C04F79EFBC}") = "OpenFileDigApp", "..\OpenFileDigApp\OpenFileDigApp.csproj", "{41CA2E42-F3F6-4678-98FD-30A6A23D6F57}"
EndProject
Global
	GlobalSection(SolutionConfigurationPlatforms) = preSolution
		Debug|Any CPU = Debug|Any CPU
		Release|Any CPU = Release|Any CPU
	EndGlobalSection
	GlobalSection(ProjectConfigurationPlatforms) = postSolution
		{6C85F7B2-F3A6-4EDB-A149-B3E5E366E1D3}.Debug|Any CPU.ActiveCfg = Debug|Any CPU
		{6C85F7B2-F3A6-4EDB-A149-B3E5E366E1D3}.Debug|Any CPU.Build.0 = Debug|Any CPU
		{6C85F7B2-F3A6-4EDB-A149-B3E5E366E1D3}.Release|Any CPU.ActiveCfg = Release|Any CPU
		{6C85F7B2-F3A6-4EDB-A149-B3E5E366E1D3}.Release|Any CPU.Build.0 = Release|Any CPU
		{17FF5D49-3B0C-4ED1-A3F7-96C3F9A801D1}.Debug|Any CPU.ActiveCfg = Debug|Any CPU
		{17FF5D49-3B0C-4ED1-A3F7-96C3F9A801D1}.Debug|Any CPU.Build.0 = Debug|Any CPU
		{17FF5D49-3B0C-4ED1-A3F7-96C3F9A801D1}.Release|Any CPU.ActiveCfg = Release|Any CPU
		{17FF5D49-3B0C-4ED1-A3F7-96C3F9A801D1}.Release|Any CPU.Build.0 = Release|Any CPU
		{A4DC9D4C-EAD2-4D57-8905-96233EED5EAC}.Debug|Any CPU.ActiveCfg = Debug|Any CPU
		{A4DC9D4C-EAD2-4D57-8905-96233EED5EAC}.Debug|Any CPU.Build.0 = Debug|Any CPU
		{A4DC9D4C-EAD2-4D57-8905-96233EED5EAC}.Release|Any CPU.ActiveCfg = Release|Any CPU
		{A4DC9D4C-EAD2-4D57-8905-96233EED5EAC}.Release|Any CPU.Build.0 = Release|Any CPU
		{DC7AE16A-C239-4447-BC7F-C79C4BC5CD33}.Debug|Any CPU.ActiveCfg = Debug|Any CPU
		{DC7AE16A-C239-4447-BC7F-C79C4BC5CD33}.Debug|Any CPU.Build.0 = Debug|Any CPU
		{DC7AE16A-C239-4447-BC7F-C79C4BC5CD33}.Release|Any CPU.ActiveCfg = Release|Any CPU
		{DC7AE16A-C239-4447-BC7F-C79C4BC5CD33}.Release|Any CPU.Build.0 = Release|Any CPU
		{CA86EAF2-84DF-4781-BE76-F3435636747E}.Debug|Any CPU.ActiveCfg = Debug|Any CPU
		{CA86EAF2-84DF-4781-BE76-F3435636747E}.Debug|Any CPU.Build.0 = Debug|Any CPU
		{CA86EAF2-84DF-4781-BE76-F3435636747E}.Release|Any CPU.ActiveCfg = Release|Any CPU
		{CA86EAF2-84DF-4781-BE76-F3435636747E}.Release|Any CPU.Build.0 = Release|Any CPU
		{241714AA-87F2-4FBC-8269-12B5A8090A76}.Debug|Any CPU.ActiveCfg = Debug|Any CPU
		{241714AA-87F2-4FBC-8269-12B5A8090A76}.Debug|Any CPU.Build.0 = Debug|Any CPU
		{241714AA-87F2-4FBC-8269-12B5A8090A76}.Release|Any CPU.ActiveCfg = Release|Any CPU
		{241714AA-87F2-4FBC-8269-12B5A8090A76}.Release|Any CPU.Build.0 = Release|Any CPU
		{53EDBC76-9667-4E36-91FF-29F906DEA903}.Debug|Any CPU.ActiveCfg = Debug|Any CPU
		{53EDBC76-9667-4E36-91FF-29F906DEA903}.Debug|Any CPU.Build.0 = Debug|Any CPU
		{53EDBC76-9667-4E36-91FF-29F906DEA903}.Release|Any CPU.ActiveCfg = Release|Any CPU
		{53EDBC76-9667-4E36-91FF-29F906DEA903}.Release|Any CPU.Build.0 = Release|Any CPU
		{362E3F00-A71D-4298-8AEE-B9FEE070D6E8}.Debug|Any CPU.ActiveCfg = Debug|Any CPU
		{362E3F00-A71D-4298-8AEE-B9FEE070D6E8}.Debug|Any CPU.Build.0 = Debug|Any CPU
		{362E3F00-A71D-4298-8AEE-B9FEE070D6E8}.Release|Any CPU.ActiveCfg = Release|Any CPU
		{362E3F00-A71D-4298-8AEE-B9FEE070D6E8}.Release|Any CPU.Build.0 = Release|Any CPU
		{82A7889F-6F93-4A10-97F5-9555D28C3764}.Debug|Any CPU.ActiveCfg = Debug|Any CPU
		{82A7889F-6F93-4A10-97F5-9555D28C3764}.Debug|Any CPU.Build.0 = Debug|Any CPU
		{82A7889F-6F93-4A10-97F5-9555D28C3764}.Release|Any CPU.ActiveCfg = Release|Any CPU
		{82A7889F-6F93-4A10-97F5-9555D28C3764}.Release|Any CPU.Build.0 = Release|Any CPU
		{41CA2E42-F3F6-4678-98FD-30A6A23D6F57}.Debug|Any CPU.ActiveCfg = Debug|Any CPU
		{41CA2E42-F3F6-4678-98FD-30A6A23D6F57}.Debug|Any CPU.Build.0 = Debug|Any CPU
		{41CA2E42-F3F6-4678-98FD-30A6A23D6F57}.Release|Any CPU.ActiveCfg = Release|Any CPU
		{41CA2E42-F3F6-4678-98FD-30A6A23D6F57}.Release|Any CPU.Build.0 = Release|Any CPU
	EndGlobalSection
	GlobalSection(SolutionProperties) = preSolution
		HideSolutionNode = FALSE
	EndGlobalSection
	GlobalSection(ExtensibilityGlobals) = postSolution
		SolutionGuid = {B2FE73B2-6D83-45C2-92B9-B1E17B4763FC}
	EndGlobalSection
EndGlobal
