
Microsoft Visual Studio Solution File, Format Version 12.00
# Visual Studio Version 16
VisualStudioVersion = 16.0.30204.135
MinimumVisualStudioVersion = 10.0.40219.1
Project("{FAE04EC0-301F-11D3-BF4B-00C04F79EFBC}") = "RentalApp", "RentalApp.csproj", "{D82F90C5-3EFD-43AC-A46A-C1BFBF1D8B1C}"
EndProject
Global
	GlobalSection(SolutionConfigurationPlatforms) = preSolution
		Debug|Any CPU = Debug|Any CPU
		Release|Any CPU = Release|Any CPU
	EndGlobalSection
	GlobalSection(ProjectConfigurationPlatforms) = postSolution
		{D82F90C5-3EFD-43AC-A46A-C1BFBF1D8B1C}.Debug|Any CPU.ActiveCfg = Debug|Any CPU
		{D82F90C5-3EFD-43AC-A46A-C1BFBF1D8B1C}.Debug|Any CPU.Build.0 = Debug|Any CPU
		{D82F90C5-3EFD-43AC-A46A-C1BFBF1D8B1C}.Release|Any CPU.ActiveCfg = Release|Any CPU
		{D82F90C5-3EFD-43AC-A46A-C1BFBF1D8B1C}.Release|Any CPU.Build.0 = Release|Any CPU
	EndGlobalSection
	GlobalSection(SolutionProperties) = preSolution
		HideSolutionNode = FALSE
	EndGlobalSection
	GlobalSection(ExtensibilityGlobals) = postSolution
		SolutionGuid = {928D9997-5B1F-41F7-AD40-8E45D4B175DE}
	EndGlobalSection
EndGlobal
