
Microsoft Visual Studio Solution File, Format Version 12.00
# Visual Studio Version 16
VisualStudioVersion = 16.0.30204.135
MinimumVisualStudioVersion = 10.0.40219.1
Project("{FAE04EC0-301F-11D3-BF4B-00C04F79EFBC}") = "0818_002", "0818_002.csproj", "{EF87A64C-D603-4343-9D26-ED526BD6D19F}"
EndProject
Global
	GlobalSection(SolutionConfigurationPlatforms) = preSolution
		Debug|Any CPU = Debug|Any CPU
		Release|Any CPU = Release|Any CPU
	EndGlobalSection
	GlobalSection(ProjectConfigurationPlatforms) = postSolution
		{EF87A64C-D603-4343-9D26-ED526BD6D19F}.Debug|Any CPU.ActiveCfg = Debug|Any CPU
		{EF87A64C-D603-4343-9D26-ED526BD6D19F}.Debug|Any CPU.Build.0 = Debug|Any CPU
		{EF87A64C-D603-4343-9D26-ED526BD6D19F}.Release|Any CPU.ActiveCfg = Release|Any CPU
		{EF87A64C-D603-4343-9D26-ED526BD6D19F}.Release|Any CPU.Build.0 = Release|Any CPU
	EndGlobalSection
	GlobalSection(SolutionProperties) = preSolution
		HideSolutionNode = FALSE
	EndGlobalSection
	GlobalSection(ExtensibilityGlobals) = postSolution
		SolutionGuid = {65527574-FD9D-4B4C-8628-12107C7F03C7}
	EndGlobalSection
EndGlobal
