
Microsoft Visual Studio Solution File, Format Version 12.00
# Visual Studio Version 16
VisualStudioVersion = 16.0.30204.135
MinimumVisualStudioVersion = 10.0.40219.1
Project("{FAE04EC0-301F-11D3-BF4B-00C04F79EFBC}") = "0821_002", "0821_002.csproj", "{A3B2306A-A72C-415E-815D-E313495BA00B}"
EndProject
Global
	GlobalSection(SolutionConfigurationPlatforms) = preSolution
		Debug|Any CPU = Debug|Any CPU
		Release|Any CPU = Release|Any CPU
	EndGlobalSection
	GlobalSection(ProjectConfigurationPlatforms) = postSolution
		{A3B2306A-A72C-415E-815D-E313495BA00B}.Debug|Any CPU.ActiveCfg = Debug|Any CPU
		{A3B2306A-A72C-415E-815D-E313495BA00B}.Debug|Any CPU.Build.0 = Debug|Any CPU
		{A3B2306A-A72C-415E-815D-E313495BA00B}.Release|Any CPU.ActiveCfg = Release|Any CPU
		{A3B2306A-A72C-415E-815D-E313495BA00B}.Release|Any CPU.Build.0 = Release|Any CPU
	EndGlobalSection
	GlobalSection(SolutionProperties) = preSolution
		HideSolutionNode = FALSE
	EndGlobalSection
	GlobalSection(ExtensibilityGlobals) = postSolution
		SolutionGuid = {F6E5F805-7A67-4656-A24F-134123219D3D}
	EndGlobalSection
EndGlobal
