
Microsoft Visual Studio Solution File, Format Version 12.00
# Visual Studio Version 16
VisualStudioVersion = 16.0.30204.135
MinimumVisualStudioVersion = 10.0.40219.1
Project("{FAE04EC0-301F-11D3-BF4B-00C04F79EFBC}") = "GenericApp", "GenericApp\GenericApp.csproj", "{864B1496-2CA7-407B-8E09-90577F32D827}"
EndProject
Global
	GlobalSection(SolutionConfigurationPlatforms) = preSolution
		Debug|Any CPU = Debug|Any CPU
		Release|Any CPU = Release|Any CPU
	EndGlobalSection
	GlobalSection(ProjectConfigurationPlatforms) = postSolution
		{864B1496-2CA7-407B-8E09-90577F32D827}.Debug|Any CPU.ActiveCfg = Debug|Any CPU
		{864B1496-2CA7-407B-8E09-90577F32D827}.Debug|Any CPU.Build.0 = Debug|Any CPU
		{864B1496-2CA7-407B-8E09-90577F32D827}.Release|Any CPU.ActiveCfg = Release|Any CPU
		{864B1496-2CA7-407B-8E09-90577F32D827}.Release|Any CPU.Build.0 = Release|Any CPU
	EndGlobalSection
	GlobalSection(SolutionProperties) = preSolution
		HideSolutionNode = FALSE
	EndGlobalSection
	GlobalSection(ExtensibilityGlobals) = postSolution
		SolutionGuid = {C4486285-3DA2-47F7-BABB-FCBF4EA761A7}
	EndGlobalSection
EndGlobal
